
Microsoft Visual Studio Solution File, Format Version 12.00
# Visual Studio 2013
VisualStudioVersion = 12.0.31101.0
MinimumVisualStudioVersion = 10.0.40219.1
Project("{FAE04EC0-301F-11D3-BF4B-00C04F79EFBC}") = "MindwaveApp", "MindwaveApp\MindwaveApp.csproj", "{650B0D83-DF12-41DB-809A-83330EC54C79}"
EndProject
Project("{FAE04EC0-301F-11D3-BF4B-00C04F79EFBC}") = "PuzzleApp", "PuzzleApp\PuzzleApp.csproj", "{FB67445D-973C-44FA-9523-E97A9512B42B}"
EndProject
Project("{FAE04EC0-301F-11D3-BF4B-00C04F79EFBC}") = "MindwaveLib", "MindwaveLib\MindwaveLib.csproj", "{BBF56637-5766-4A70-9C7D-1BA322BA32E0}"
EndProject
Project("{2150E333-8FDC-42A3-9474-1A3956D46DE8}") = "sjp-20151013", "sjp-20151013", "{131D1303-EF75-4811-92A2-A9E1D1C7DD2F}"
	ProjectSection(SolutionItems) = preProject
		sjp-20151013\README.txt = sjp-20151013\README.txt
		sjp-20151013\slowa-win-utf8.txt = sjp-20151013\slowa-win-utf8.txt
		sjp-20151013\slowa-win.txt = sjp-20151013\slowa-win.txt
	EndProjectSection
EndProject
Project("{FAE04EC0-301F-11D3-BF4B-00C04F79EFBC}") = "ReceivingApp", "ReceivingApp\ReceivingApp.csproj", "{75D92778-9B2C-4B38-85A5-8CE0AD810442}"
EndProject
Project("{FAE04EC0-301F-11D3-BF4B-00C04F79EFBC}") = "PuzzleApp2", "PuzzleApp2\PuzzleApp2.csproj", "{1D664F90-75CE-4F73-A895-52CEE04EA54B}"
EndProject
Global
	GlobalSection(SolutionConfigurationPlatforms) = preSolution
		Debug|Any CPU = Debug|Any CPU
		Release|Any CPU = Release|Any CPU
	EndGlobalSection
	GlobalSection(ProjectConfigurationPlatforms) = postSolution
		{650B0D83-DF12-41DB-809A-83330EC54C79}.Debug|Any CPU.ActiveCfg = Debug|Any CPU
		{650B0D83-DF12-41DB-809A-83330EC54C79}.Debug|Any CPU.Build.0 = Debug|Any CPU
		{650B0D83-DF12-41DB-809A-83330EC54C79}.Release|Any CPU.ActiveCfg = Release|Any CPU
		{650B0D83-DF12-41DB-809A-83330EC54C79}.Release|Any CPU.Build.0 = Release|Any CPU
		{FB67445D-973C-44FA-9523-E97A9512B42B}.Debug|Any CPU.ActiveCfg = Debug|Any CPU
		{FB67445D-973C-44FA-9523-E97A9512B42B}.Debug|Any CPU.Build.0 = Debug|Any CPU
		{FB67445D-973C-44FA-9523-E97A9512B42B}.Release|Any CPU.ActiveCfg = Release|Any CPU
		{FB67445D-973C-44FA-9523-E97A9512B42B}.Release|Any CPU.Build.0 = Release|Any CPU
		{BBF56637-5766-4A70-9C7D-1BA322BA32E0}.Debug|Any CPU.ActiveCfg = Debug|Any CPU
		{BBF56637-5766-4A70-9C7D-1BA322BA32E0}.Debug|Any CPU.Build.0 = Debug|Any CPU
		{BBF56637-5766-4A70-9C7D-1BA322BA32E0}.Release|Any CPU.ActiveCfg = Release|Any CPU
		{BBF56637-5766-4A70-9C7D-1BA322BA32E0}.Release|Any CPU.Build.0 = Release|Any CPU
		{75D92778-9B2C-4B38-85A5-8CE0AD810442}.Debug|Any CPU.ActiveCfg = Debug|Any CPU
		{75D92778-9B2C-4B38-85A5-8CE0AD810442}.Debug|Any CPU.Build.0 = Debug|Any CPU
		{75D92778-9B2C-4B38-85A5-8CE0AD810442}.Release|Any CPU.ActiveCfg = Release|Any CPU
		{75D92778-9B2C-4B38-85A5-8CE0AD810442}.Release|Any CPU.Build.0 = Release|Any CPU
		{1D664F90-75CE-4F73-A895-52CEE04EA54B}.Debug|Any CPU.ActiveCfg = Debug|Any CPU
		{1D664F90-75CE-4F73-A895-52CEE04EA54B}.Debug|Any CPU.Build.0 = Debug|Any CPU
		{1D664F90-75CE-4F73-A895-52CEE04EA54B}.Release|Any CPU.ActiveCfg = Release|Any CPU
		{1D664F90-75CE-4F73-A895-52CEE04EA54B}.Release|Any CPU.Build.0 = Release|Any CPU
	EndGlobalSection
	GlobalSection(SolutionProperties) = preSolution
		HideSolutionNode = FALSE
	EndGlobalSection
EndGlobal
